{
  "name": "cornifier",
  "version": "1.0.0",
  "lockfileVersion": 3,
  "requires": true,
  "packages": {
    "": {
      "name": "cornifier",
      "version": "1.0.0",
      "license": "ISC",
      "dependencies": {
        "chrome-types": "^0.1.332"
      }
    },
    "node_modules/chrome-types": {
      "version": "0.1.332",
      "resolved": "https://registry.npmjs.org/chrome-types/-/chrome-types-0.1.332.tgz",
      "integrity": "sha512-UCweHi9yNQJVc84cg40yk/rVygTMJtDsWXJ+/Xf6PRrqgAs0dPJmDAoc1qqYoQGWxCgRTRdWOzdBkUELqIff1Q==",
      "license": "Apache-2.0"
    }
  }
}
